
Microsoft Visual Studio Solution File, Format Version 12.00
# Visual Studio Version 17
VisualStudioVersion = 17.2.32630.192
MinimumVisualStudioVersion = 10.0.40219.1
Project("{FAE04EC0-301F-11D3-BF4B-00C04F79EFBC}") = "DemoWebApp", "DemoWebApp\DemoWebApp.csproj", "{4CA541CF-DDB6-4654-877B-EB13EE3EF45A}"
EndProject
Global
	GlobalSection(SolutionConfigurationPlatforms) = preSolution
		Debug|Any CPU = Debug|Any CPU
		Release|Any CPU = Release|Any CPU
	EndGlobalSection
	GlobalSection(ProjectConfigurationPlatforms) = postSolution
		{4CA541CF-DDB6-4654-877B-EB13EE3EF45A}.Debug|Any CPU.ActiveCfg = Debug|Any CPU
		{4CA541CF-DDB6-4654-877B-EB13EE3EF45A}.Debug|Any CPU.Build.0 = Debug|Any CPU
		{4CA541CF-DDB6-4654-877B-EB13EE3EF45A}.Release|Any CPU.ActiveCfg = Release|Any CPU
		{4CA541CF-DDB6-4654-877B-EB13EE3EF45A}.Release|Any CPU.Build.0 = Release|Any CPU
	EndGlobalSection
	GlobalSection(SolutionProperties) = preSolution
		HideSolutionNode = FALSE
	EndGlobalSection
	GlobalSection(ExtensibilityGlobals) = postSolution
		SolutionGuid = {B38283FB-098D-4377-8509-D21201079125}
	EndGlobalSection
EndGlobal
